
Microsoft Visual Studio Solution File, Format Version 12.00
# Visual Studio Version 17
VisualStudioVersion = 17.9.34616.47
MinimumVisualStudioVersion = 10.0.40219.1
Project("{FAE04EC0-301F-11D3-BF4B-00C04F79EFBC}") = "12-MVC_RepositorySchool", "12-MVC_RepositorySchool\12-MVC_RepositorySchool.csproj", "{A2939BCA-36D4-452A-8CBA-1AB06F6DE396}"
EndProject
Global
	GlobalSection(SolutionConfigurationPlatforms) = preSolution
		Debug|Any CPU = Debug|Any CPU
		Release|Any CPU = Release|Any CPU
	EndGlobalSection
	GlobalSection(ProjectConfigurationPlatforms) = postSolution
		{A2939BCA-36D4-452A-8CBA-1AB06F6DE396}.Debug|Any CPU.ActiveCfg = Debug|Any CPU
		{A2939BCA-36D4-452A-8CBA-1AB06F6DE396}.Debug|Any CPU.Build.0 = Debug|Any CPU
		{A2939BCA-36D4-452A-8CBA-1AB06F6DE396}.Release|Any CPU.ActiveCfg = Release|Any CPU
		{A2939BCA-36D4-452A-8CBA-1AB06F6DE396}.Release|Any CPU.Build.0 = Release|Any CPU
	EndGlobalSection
	GlobalSection(SolutionProperties) = preSolution
		HideSolutionNode = FALSE
	EndGlobalSection
	GlobalSection(ExtensibilityGlobals) = postSolution
		SolutionGuid = {90811866-438C-4580-938E-D843DFA4B45C}
	EndGlobalSection
EndGlobal
